
Microsoft Visual Studio Solution File, Format Version 12.00
# Visual Studio Version 17
VisualStudioVersion = 17.4.33213.308
MinimumVisualStudioVersion = 10.0.40219.1
Project("{9A19103F-16F7-4668-BE54-9A1E7A4F7556}") = "RatingTime.Domain", "RatingTime.Domain\RatingTime.Domain.csproj", "{A6C14260-EB33-4A75-89E3-64ACCAF2B175}"
EndProject
Project("{9A19103F-16F7-4668-BE54-9A1E7A4F7556}") = "RatingTime.API", "RatingTime.API\RatingTime.API.csproj", "{FB6B98E5-C0EE-41F4-B144-5F6C1464AE07}"
EndProject
Project("{9A19103F-16F7-4668-BE54-9A1E7A4F7556}") = "RatingTime.DataAccess", "RatingTime.DataAccess\RatingTime.DataAccess.csproj", "{D8C05DC6-D5D5-48AB-AC8B-F3116E668EB3}"
EndProject
Project("{9A19103F-16F7-4668-BE54-9A1E7A4F7556}") = "RatingTime.DTO", "RatingTime.DTO\RatingTime.DTO.csproj", "{FE44D03E-3AF0-4CD5-AF20-20AB9B134392}"
EndProject
Project("{9A19103F-16F7-4668-BE54-9A1E7A4F7556}") = "RatingTime.Validation", "RatingTime.Validation\RatingTime.Validation.csproj", "{66E8C3A4-E1BB-4920-AE63-53FE5DE07B44}"
EndProject
Project("{FAE04EC0-301F-11D3-BF4B-00C04F79EFBC}") = "RatingTime.Logic", "RatingTime.Logic\RatingTime.Logic.csproj", "{5D3BE907-A60E-4C4B-888E-A0220F15DD2D}"
EndProject
Global
	GlobalSection(SolutionConfigurationPlatforms) = preSolution
		Debug|Any CPU = Debug|Any CPU
		Release|Any CPU = Release|Any CPU
	EndGlobalSection
	GlobalSection(ProjectConfigurationPlatforms) = postSolution
		{A6C14260-EB33-4A75-89E3-64ACCAF2B175}.Debug|Any CPU.ActiveCfg = Debug|Any CPU
		{A6C14260-EB33-4A75-89E3-64ACCAF2B175}.Debug|Any CPU.Build.0 = Debug|Any CPU
		{A6C14260-EB33-4A75-89E3-64ACCAF2B175}.Release|Any CPU.ActiveCfg = Release|Any CPU
		{A6C14260-EB33-4A75-89E3-64ACCAF2B175}.Release|Any CPU.Build.0 = Release|Any CPU
		{FB6B98E5-C0EE-41F4-B144-5F6C1464AE07}.Debug|Any CPU.ActiveCfg = Debug|Any CPU
		{FB6B98E5-C0EE-41F4-B144-5F6C1464AE07}.Debug|Any CPU.Build.0 = Debug|Any CPU
		{FB6B98E5-C0EE-41F4-B144-5F6C1464AE07}.Release|Any CPU.ActiveCfg = Release|Any CPU
		{FB6B98E5-C0EE-41F4-B144-5F6C1464AE07}.Release|Any CPU.Build.0 = Release|Any CPU
		{D8C05DC6-D5D5-48AB-AC8B-F3116E668EB3}.Debug|Any CPU.ActiveCfg = Debug|Any CPU
		{D8C05DC6-D5D5-48AB-AC8B-F3116E668EB3}.Debug|Any CPU.Build.0 = Debug|Any CPU
		{D8C05DC6-D5D5-48AB-AC8B-F3116E668EB3}.Release|Any CPU.ActiveCfg = Release|Any CPU
		{D8C05DC6-D5D5-48AB-AC8B-F3116E668EB3}.Release|Any CPU.Build.0 = Release|Any CPU
		{FE44D03E-3AF0-4CD5-AF20-20AB9B134392}.Debug|Any CPU.ActiveCfg = Debug|Any CPU
		{FE44D03E-3AF0-4CD5-AF20-20AB9B134392}.Debug|Any CPU.Build.0 = Debug|Any CPU
		{FE44D03E-3AF0-4CD5-AF20-20AB9B134392}.Release|Any CPU.ActiveCfg = Release|Any CPU
		{FE44D03E-3AF0-4CD5-AF20-20AB9B134392}.Release|Any CPU.Build.0 = Release|Any CPU
		{66E8C3A4-E1BB-4920-AE63-53FE5DE07B44}.Debug|Any CPU.ActiveCfg = Debug|Any CPU
		{66E8C3A4-E1BB-4920-AE63-53FE5DE07B44}.Debug|Any CPU.Build.0 = Debug|Any CPU
		{66E8C3A4-E1BB-4920-AE63-53FE5DE07B44}.Release|Any CPU.ActiveCfg = Release|Any CPU
		{66E8C3A4-E1BB-4920-AE63-53FE5DE07B44}.Release|Any CPU.Build.0 = Release|Any CPU
		{5D3BE907-A60E-4C4B-888E-A0220F15DD2D}.Debug|Any CPU.ActiveCfg = Debug|Any CPU
		{5D3BE907-A60E-4C4B-888E-A0220F15DD2D}.Debug|Any CPU.Build.0 = Debug|Any CPU
		{5D3BE907-A60E-4C4B-888E-A0220F15DD2D}.Release|Any CPU.ActiveCfg = Release|Any CPU
		{5D3BE907-A60E-4C4B-888E-A0220F15DD2D}.Release|Any CPU.Build.0 = Release|Any CPU
	EndGlobalSection
	GlobalSection(SolutionProperties) = preSolution
		HideSolutionNode = FALSE
	EndGlobalSection
	GlobalSection(ExtensibilityGlobals) = postSolution
		SolutionGuid = {ACA6CBDD-7987-4E13-BE07-A6E2F998C14F}
	EndGlobalSection
EndGlobal
